
Microsoft Visual Studio Solution File, Format Version 12.00
# Visual Studio Version 17
VisualStudioVersion = 17.11.35312.102
MinimumVisualStudioVersion = 10.0.40219.1
Project("{FAE04EC0-301F-11D3-BF4B-00C04F79EFBC}") = "StudentInformationDB", "StudentInformationDB.csproj", "{51CBEEE5-BAB7-4EC9-BDEB-41521F214ACD}"
EndProject
Global
	GlobalSection(SolutionConfigurationPlatforms) = preSolution
		Debug|Any CPU = Debug|Any CPU
		Release|Any CPU = Release|Any CPU
	EndGlobalSection
	GlobalSection(ProjectConfigurationPlatforms) = postSolution
		{51CBEEE5-BAB7-4EC9-BDEB-41521F214ACD}.Debug|Any CPU.ActiveCfg = Debug|Any CPU
		{51CBEEE5-BAB7-4EC9-BDEB-41521F214ACD}.Debug|Any CPU.Build.0 = Debug|Any CPU
		{51CBEEE5-BAB7-4EC9-BDEB-41521F214ACD}.Release|Any CPU.ActiveCfg = Release|Any CPU
		{51CBEEE5-BAB7-4EC9-BDEB-41521F214ACD}.Release|Any CPU.Build.0 = Release|Any CPU
	EndGlobalSection
	GlobalSection(SolutionProperties) = preSolution
		HideSolutionNode = FALSE
	EndGlobalSection
	GlobalSection(ExtensibilityGlobals) = postSolution
		SolutionGuid = {0F530AE3-5F7A-4641-ABA7-2B46AE390423}
	EndGlobalSection
EndGlobal
